
Microsoft Visual Studio Solution File, Format Version 12.00
# Visual Studio Version 17
VisualStudioVersion = 17.14.36327.8 d17.14
MinimumVisualStudioVersion = 10.0.40219.1
Project("{FAE04EC0-301F-11D3-BF4B-00C04F79EFBC}") = "PersonalFinanceApp", "PersonalFinanceApp\PersonalFinanceApp.csproj", "{09EAD03F-0812-4462-BA2C-3A2A447CC599}"
EndProject
Global
	GlobalSection(SolutionConfigurationPlatforms) = preSolution
		Debug|Any CPU = Debug|Any CPU
		Release|Any CPU = Release|Any CPU
	EndGlobalSection
	GlobalSection(ProjectConfigurationPlatforms) = postSolution
		{09EAD03F-0812-4462-BA2C-3A2A447CC599}.Debug|Any CPU.ActiveCfg = Debug|Any CPU
		{09EAD03F-0812-4462-BA2C-3A2A447CC599}.Debug|Any CPU.Build.0 = Debug|Any CPU
		{09EAD03F-0812-4462-BA2C-3A2A447CC599}.Release|Any CPU.ActiveCfg = Release|Any CPU
		{09EAD03F-0812-4462-BA2C-3A2A447CC599}.Release|Any CPU.Build.0 = Release|Any CPU
	EndGlobalSection
	GlobalSection(SolutionProperties) = preSolution
		HideSolutionNode = FALSE
	EndGlobalSection
	GlobalSection(ExtensibilityGlobals) = postSolution
		SolutionGuid = {C131F4FC-AD50-4E48-BD43-E0C4E8C70370}
	EndGlobalSection
EndGlobal
